
Microsoft Visual Studio Solution File, Format Version 12.00
# Visual Studio Version 16
VisualStudioVersion = 16.0.33027.164
MinimumVisualStudioVersion = 10.0.40219.1
Project("{9A19103F-16F7-4668-BE54-9A1E7A4F7556}") = "DLQ.MessageRetrieval", "DLQ.MessageRetrieval.csproj", "{39AB388C-3DB3-48BD-821E-F79F947366CF}"
EndProject
Global
	GlobalSection(SolutionConfigurationPlatforms) = preSolution
		Debug|Any CPU = Debug|Any CPU
		Release|Any CPU = Release|Any CPU
	EndGlobalSection
	GlobalSection(ProjectConfigurationPlatforms) = postSolution
		{39AB388C-3DB3-48BD-821E-F79F947366CF}.Debug|Any CPU.ActiveCfg = Debug|Any CPU
		{39AB388C-3DB3-48BD-821E-F79F947366CF}.Debug|Any CPU.Build.0 = Debug|Any CPU
		{39AB388C-3DB3-48BD-821E-F79F947366CF}.Release|Any CPU.ActiveCfg = Release|Any CPU
		{39AB388C-3DB3-48BD-821E-F79F947366CF}.Release|Any CPU.Build.0 = Release|Any CPU
	EndGlobalSection
	GlobalSection(SolutionProperties) = preSolution
		HideSolutionNode = FALSE
	EndGlobalSection
	GlobalSection(ExtensibilityGlobals) = postSolution
		SolutionGuid = {14368C2B-60EB-4857-9E79-D9822E81AD2C}
	EndGlobalSection
EndGlobal
